// !$*UTF8*$!
{
	archiveVersion = 1;
	classes = {
	};
	objectVersion = 46;
	objects = {

/* Begin PBXBuildFile section */
		763CBB2D18B1205D00F58409 /* BonusGenerator.m in Sources */ = {isa = PBXBuildFile; fileRef = 763CBB2C18B1205D00F58409 /* BonusGenerator.m */; };
		765B025F18C6D12D0061DB27 /* SureShot.caf in Resources */ = {isa = PBXBuildFile; fileRef = 765B025E18C6D12D0061DB27 /* SureShot.caf */; };
		766A9E5E18B44C8600DE18DB /* CLIColor.m in Sources */ = {isa = PBXBuildFile; fileRef = 766A9E4A18B44C8600DE18DB /* CLIColor.m */; };
		766A9E5F18B44C8600DE18DB /* DDAbstractDatabaseLogger.m in Sources */ = {isa = PBXBuildFile; fileRef = 766A9E4C18B44C8600DE18DB /* DDAbstractDatabaseLogger.m */; };
		766A9E6018B44C8600DE18DB /* DDASLLogger.m in Sources */ = {isa = PBXBuildFile; fileRef = 766A9E4E18B44C8600DE18DB /* DDASLLogger.m */; };
		766A9E6118B44C8600DE18DB /* DDFileLogger.m in Sources */ = {isa = PBXBuildFile; fileRef = 766A9E5018B44C8600DE18DB /* DDFileLogger.m */; };
		766A9E6218B44C8600DE18DB /* DDLog.m in Sources */ = {isa = PBXBuildFile; fileRef = 766A9E5318B44C8600DE18DB /* DDLog.m */; };
		766A9E6318B44C8600DE18DB /* DDTTYLogger.m in Sources */ = {isa = PBXBuildFile; fileRef = 766A9E5518B44C8600DE18DB /* DDTTYLogger.m */; };
		766A9E6418B44C8600DE18DB /* DDContextFilterLogFormatter.m in Sources */ = {isa = PBXBuildFile; fileRef = 766A9E5818B44C8600DE18DB /* DDContextFilterLogFormatter.m */; };
		766A9E6518B44C8600DE18DB /* DDDispatchQueueLogFormatter.m in Sources */ = {isa = PBXBuildFile; fileRef = 766A9E5A18B44C8600DE18DB /* DDDispatchQueueLogFormatter.m */; };
		766A9E6618B44C8600DE18DB /* DDMultiFormatter.m in Sources */ = {isa = PBXBuildFile; fileRef = 766A9E5C18B44C8600DE18DB /* DDMultiFormatter.m */; };
		766A9E6718B44C8600DE18DB /* README.txt in Resources */ = {isa = PBXBuildFile; fileRef = 766A9E5D18B44C8600DE18DB /* README.txt */; };
		766A9E6A18B45DE600DE18DB /* gameover.caf in Resources */ = {isa = PBXBuildFile; fileRef = 766A9E6918B45DE600DE18DB /* gameover.caf */; };
		766A9E6C18B45F4D00DE18DB /* gameover.png in Resources */ = {isa = PBXBuildFile; fileRef = 766A9E6B18B45F4D00DE18DB /* gameover.png */; };
		76E5C05E18AF0472009591CA /* Foundation.framework in Frameworks */ = {isa = PBXBuildFile; fileRef = 76E5C05D18AF0472009591CA /* Foundation.framework */; };
		76E5C06018AF0472009591CA /* CoreGraphics.framework in Frameworks */ = {isa = PBXBuildFile; fileRef = 76E5C05F18AF0472009591CA /* CoreGraphics.framework */; };
		76E5C06218AF0473009591CA /* UIKit.framework in Frameworks */ = {isa = PBXBuildFile; fileRef = 76E5C06118AF0473009591CA /* UIKit.framework */; };
		76E5C06418AF0473009591CA /* SpriteKit.framework in Frameworks */ = {isa = PBXBuildFile; fileRef = 76E5C06318AF0473009591CA /* SpriteKit.framework */; };
		76E5C06A18AF0473009591CA /* InfoPlist.strings in Resources */ = {isa = PBXBuildFile; fileRef = 76E5C06818AF0473009591CA /* InfoPlist.strings */; };
		76E5C06C18AF0473009591CA /* main.m in Sources */ = {isa = PBXBuildFile; fileRef = 76E5C06B18AF0473009591CA /* main.m */; };
		76E5C07018AF0473009591CA /* AppDelegate.m in Sources */ = {isa = PBXBuildFile; fileRef = 76E5C06F18AF0473009591CA /* AppDelegate.m */; };
		76E5C07318AF0474009591CA /* Main.storyboard in Resources */ = {isa = PBXBuildFile; fileRef = 76E5C07118AF0474009591CA /* Main.storyboard */; };
		76E5C07618AF0474009591CA /* ViewController.m in Sources */ = {isa = PBXBuildFile; fileRef = 76E5C07518AF0474009591CA /* ViewController.m */; };
		76E5C07918AF0474009591CA /* MyScene.m in Sources */ = {isa = PBXBuildFile; fileRef = 76E5C07818AF0474009591CA /* MyScene.m */; };
		76E5C07D18AF0474009591CA /* Images.xcassets in Resources */ = {isa = PBXBuildFile; fileRef = 76E5C07C18AF0474009591CA /* Images.xcassets */; };
		76E5C08418AF0474009591CA /* XCTest.framework in Frameworks */ = {isa = PBXBuildFile; fileRef = 76E5C08318AF0474009591CA /* XCTest.framework */; };
		76E5C08518AF0474009591CA /* Foundation.framework in Frameworks */ = {isa = PBXBuildFile; fileRef = 76E5C05D18AF0472009591CA /* Foundation.framework */; };
		76E5C08618AF0474009591CA /* UIKit.framework in Frameworks */ = {isa = PBXBuildFile; fileRef = 76E5C06118AF0473009591CA /* UIKit.framework */; };
		76E5C08E18AF0474009591CA /* InfoPlist.strings in Resources */ = {isa = PBXBuildFile; fileRef = 76E5C08C18AF0474009591CA /* InfoPlist.strings */; };
		76E5C09018AF0474009591CA /* spritecollisionTests.m in Sources */ = {isa = PBXBuildFile; fileRef = 76E5C08F18AF0474009591CA /* spritecollisionTests.m */; };
		76E5C09B18AF0651009591CA /* SpaceshipScene.m in Sources */ = {isa = PBXBuildFile; fileRef = 76E5C09A18AF0651009591CA /* SpaceshipScene.m */; };
		76E5C09F18AF14E5009591CA /* rocket.png in Resources */ = {isa = PBXBuildFile; fileRef = 76E5C09E18AF14E5009591CA /* rocket.png */; };
		76E5C0A218AFE4BA009591CA /* Spaceship.m in Sources */ = {isa = PBXBuildFile; fileRef = 76E5C0A118AFE4BA009591CA /* Spaceship.m */; };
		76E5C0A518B0000B009591CA /* spark.png in Resources */ = {isa = PBXBuildFile; fileRef = 76E5C0A418B0000A009591CA /* spark.png */; };
		76E5C0A818B00609009591CA /* Missile.m in Sources */ = {isa = PBXBuildFile; fileRef = 76E5C0A718B00609009591CA /* Missile.m */; };
		76E5C0AB18B02DA7009591CA /* SpaceGame.m in Sources */ = {isa = PBXBuildFile; fileRef = 76E5C0AA18B02DA7009591CA /* SpaceGame.m */; };
		76E5C0AD18B03759009591CA /* asteroid.png in Resources */ = {isa = PBXBuildFile; fileRef = 76E5C0AC18B03759009591CA /* asteroid.png */; };
		76E5C0B018B07900009591CA /* BonusSprite.m in Sources */ = {isa = PBXBuildFile; fileRef = 76E5C0AF18B07900009591CA /* BonusSprite.m */; };
		76E5C0B218B079B4009591CA /* cherry.png in Resources */ = {isa = PBXBuildFile; fileRef = 76E5C0B118B079B4009591CA /* cherry.png */; };
		76E5C0B718B0876F009591CA /* shieldon.caf in Resources */ = {isa = PBXBuildFile; fileRef = 76E5C0B618B0876F009591CA /* shieldon.caf */; };
		76E5C0B918B08B51009591CA /* idiot.caf in Resources */ = {isa = PBXBuildFile; fileRef = 76E5C0B818B08B51009591CA /* idiot.caf */; };
		76E5C0BB18B090BC009591CA /* explosion.caf in Resources */ = {isa = PBXBuildFile; fileRef = 76E5C0BA18B090BC009591CA /* explosion.caf */; };
		76E5C0BD18B090F0009591CA /* fire.caf in Resources */ = {isa = PBXBuildFile; fileRef = 76E5C0BC18B090F0009591CA /* fire.caf */; };
		76E5C0BF18B09814009591CA /* oooh.caf in Resources */ = {isa = PBXBuildFile; fileRef = 76E5C0BE18B09814009591CA /* oooh.caf */; };
/* End PBXBuildFile section */

/* Begin PBXContainerItemProxy section */
		76E5C08718AF0474009591CA /* PBXContainerItemProxy */ = {
			isa = PBXContainerItemProxy;
			containerPortal = 76E5C05218AF0472009591CA /* Project object */;
			proxyType = 1;
			remoteGlobalIDString = 76E5C05918AF0472009591CA;
			remoteInfo = spritecollision;
		};
/* End PBXContainerItemProxy section */

/* Begin PBXFileReference section */
		763CBB2B18B1205D00F58409 /* BonusGenerator.h */ = {isa = PBXFileReference; fileEncoding = 4; lastKnownFileType = sourcecode.c.h; path = BonusGenerator.h; sourceTree = "<group>"; };
		763CBB2C18B1205D00F58409 /* BonusGenerator.m */ = {isa = PBXFileReference; fileEncoding = 4; lastKnownFileType = sourcecode.c.objc; path = BonusGenerator.m; sourceTree = "<group>"; };
		765B025E18C6D12D0061DB27 /* SureShot.caf */ = {isa = PBXFileReference; lastKnownFileType = file; path = SureShot.caf; sourceTree = "<group>"; };
		766A9E4918B44C8600DE18DB /* CLIColor.h */ = {isa = PBXFileReference; fileEncoding = 4; lastKnownFileType = sourcecode.c.h; path = CLIColor.h; sourceTree = "<group>"; };
		766A9E4A18B44C8600DE18DB /* CLIColor.m */ = {isa = PBXFileReference; fileEncoding = 4; lastKnownFileType = sourcecode.c.objc; path = CLIColor.m; sourceTree = "<group>"; };
		766A9E4B18B44C8600DE18DB /* DDAbstractDatabaseLogger.h */ = {isa = PBXFileReference; fileEncoding = 4; lastKnownFileType = sourcecode.c.h; path = DDAbstractDatabaseLogger.h; sourceTree = "<group>"; };
		766A9E4C18B44C8600DE18DB /* DDAbstractDatabaseLogger.m */ = {isa = PBXFileReference; fileEncoding = 4; lastKnownFileType = sourcecode.c.objc; path = DDAbstractDatabaseLogger.m; sourceTree = "<group>"; };
		766A9E4D18B44C8600DE18DB /* DDASLLogger.h */ = {isa = PBXFileReference; fileEncoding = 4; lastKnownFileType = sourcecode.c.h; path = DDASLLogger.h; sourceTree = "<group>"; };
		766A9E4E18B44C8600DE18DB /* DDASLLogger.m */ = {isa = PBXFileReference; fileEncoding = 4; lastKnownFileType = sourcecode.c.objc; path = DDASLLogger.m; sourceTree = "<group>"; };
		766A9E4F18B44C8600DE18DB /* DDFileLogger.h */ = {isa = PBXFileReference; fileEncoding = 4; lastKnownFileType = sourcecode.c.h; path = DDFileLogger.h; sourceTree = "<group>"; };
		766A9E5018B44C8600DE18DB /* DDFileLogger.m */ = {isa = PBXFileReference; fileEncoding = 4; lastKnownFileType = sourcecode.c.objc; path = DDFileLogger.m; sourceTree = "<group>"; };
		766A9E5118B44C8600DE18DB /* DDLog+LOGV.h */ = {isa = PBXFileReference; fileEncoding = 4; lastKnownFileType = sourcecode.c.h; path = "DDLog+LOGV.h"; sourceTree = "<group>"; };
		766A9E5218B44C8600DE18DB /* DDLog.h */ = {isa = PBXFileReference; fileEncoding = 4; lastKnownFileType = sourcecode.c.h; path = DDLog.h; sourceTree = "<group>"; };
		766A9E5318B44C8600DE18DB /* DDLog.m */ = {isa = PBXFileReference; fileEncoding = 4; lastKnownFileType = sourcecode.c.objc; path = DDLog.m; sourceTree = "<group>"; };
		766A9E5418B44C8600DE18DB /* DDTTYLogger.h */ = {isa = PBXFileReference; fileEncoding = 4; lastKnownFileType = sourcecode.c.h; path = DDTTYLogger.h; sourceTree = "<group>"; };
		766A9E5518B44C8600DE18DB /* DDTTYLogger.m */ = {isa = PBXFileReference; fileEncoding = 4; lastKnownFileType = sourcecode.c.objc; path = DDTTYLogger.m; sourceTree = "<group>"; };
		766A9E5718B44C8600DE18DB /* DDContextFilterLogFormatter.h */ = {isa = PBXFileReference; fileEncoding = 4; lastKnownFileType = sourcecode.c.h; path = DDContextFilterLogFormatter.h; sourceTree = "<group>"; };
		766A9E5818B44C8600DE18DB /* DDContextFilterLogFormatter.m */ = {isa = PBXFileReference; fileEncoding = 4; lastKnownFileType = sourcecode.c.objc; path = DDContextFilterLogFormatter.m; sourceTree = "<group>"; };
		766A9E5918B44C8600DE18DB /* DDDispatchQueueLogFormatter.h */ = {isa = PBXFileReference; fileEncoding = 4; lastKnownFileType = sourcecode.c.h; path = DDDispatchQueueLogFormatter.h; sourceTree = "<group>"; };
		766A9E5A18B44C8600DE18DB /* DDDispatchQueueLogFormatter.m */ = {isa = PBXFileReference; fileEncoding = 4; lastKnownFileType = sourcecode.c.objc; path = DDDispatchQueueLogFormatter.m; sourceTree = "<group>"; };
		766A9E5B18B44C8600DE18DB /* DDMultiFormatter.h */ = {isa = PBXFileReference; fileEncoding = 4; lastKnownFileType = sourcecode.c.h; path = DDMultiFormatter.h; sourceTree = "<group>"; };
		766A9E5C18B44C8600DE18DB /* DDMultiFormatter.m */ = {isa = PBXFileReference; fileEncoding = 4; lastKnownFileType = sourcecode.c.objc; path = DDMultiFormatter.m; sourceTree = "<group>"; };
		766A9E5D18B44C8600DE18DB /* README.txt */ = {isa = PBXFileReference; fileEncoding = 4; lastKnownFileType = text; path = README.txt; sourceTree = "<group>"; };
		766A9E6818B44CBB00DE18DB /* Logging.h */ = {isa = PBXFileReference; lastKnownFileType = sourcecode.c.h; path = Logging.h; sourceTree = "<group>"; };
		766A9E6918B45DE600DE18DB /* gameover.caf */ = {isa = PBXFileReference; lastKnownFileType = file; path = gameover.caf; sourceTree = "<group>"; };
		766A9E6B18B45F4D00DE18DB /* gameover.png */ = {isa = PBXFileReference; lastKnownFileType = image.png; path = gameover.png; sourceTree = "<group>"; };
		76E5C05A18AF0472009591CA /* spritecollision.app */ = {isa = PBXFileReference; explicitFileType = wrapper.application; includeInIndex = 0; path = spritecollision.app; sourceTree = BUILT_PRODUCTS_DIR; };
		76E5C05D18AF0472009591CA /* Foundation.framework */ = {isa = PBXFileReference; lastKnownFileType = wrapper.framework; name = Foundation.framework; path = System/Library/Frameworks/Foundation.framework; sourceTree = SDKROOT; };
		76E5C05F18AF0472009591CA /* CoreGraphics.framework */ = {isa = PBXFileReference; lastKnownFileType = wrapper.framework; name = CoreGraphics.framework; path = System/Library/Frameworks/CoreGraphics.framework; sourceTree = SDKROOT; };
		76E5C06118AF0473009591CA /* UIKit.framework */ = {isa = PBXFileReference; lastKnownFileType = wrapper.framework; name = UIKit.framework; path = System/Library/Frameworks/UIKit.framework; sourceTree = SDKROOT; };
		76E5C06318AF0473009591CA /* SpriteKit.framework */ = {isa = PBXFileReference; lastKnownFileType = wrapper.framework; name = SpriteKit.framework; path = System/Library/Frameworks/SpriteKit.framework; sourceTree = SDKROOT; };
		76E5C06718AF0473009591CA /* spritecollision-Info.plist */ = {isa = PBXFileReference; lastKnownFileType = text.plist.xml; path = "spritecollision-Info.plist"; sourceTree = "<group>"; };
		76E5C06918AF0473009591CA /* en */ = {isa = PBXFileReference; lastKnownFileType = text.plist.strings; name = en; path = en.lproj/InfoPlist.strings; sourceTree = "<group>"; };
		76E5C06B18AF0473009591CA /* main.m */ = {isa = PBXFileReference; lastKnownFileType = sourcecode.c.objc; path = main.m; sourceTree = "<group>"; };
		76E5C06D18AF0473009591CA /* spritecollision-Prefix.pch */ = {isa = PBXFileReference; lastKnownFileType = sourcecode.c.h; path = "spritecollision-Prefix.pch"; sourceTree = "<group>"; };
		76E5C06E18AF0473009591CA /* AppDelegate.h */ = {isa = PBXFileReference; lastKnownFileType = sourcecode.c.h; path = AppDelegate.h; sourceTree = "<group>"; };
		76E5C06F18AF0473009591CA /* AppDelegate.m */ = {isa = PBXFileReference; lastKnownFileType = sourcecode.c.objc; path = AppDelegate.m; sourceTree = "<group>"; };
		76E5C07218AF0474009591CA /* Base */ = {isa = PBXFileReference; lastKnownFileType = file.storyboard; name = Base; path = Base.lproj/Main.storyboard; sourceTree = "<group>"; };
		76E5C07418AF0474009591CA /* ViewController.h */ = {isa = PBXFileReference; lastKnownFileType = sourcecode.c.h; path = ViewController.h; sourceTree = "<group>"; };
		76E5C07518AF0474009591CA /* ViewController.m */ = {isa = PBXFileReference; lastKnownFileType = sourcecode.c.objc; path = ViewController.m; sourceTree = "<group>"; };
		76E5C07718AF0474009591CA /* MyScene.h */ = {isa = PBXFileReference; lastKnownFileType = sourcecode.c.h; path = MyScene.h; sourceTree = "<group>"; };
		76E5C07818AF0474009591CA /* MyScene.m */ = {isa = PBXFileReference; lastKnownFileType = sourcecode.c.objc; path = MyScene.m; sourceTree = "<group>"; };
		76E5C07C18AF0474009591CA /* Images.xcassets */ = {isa = PBXFileReference; lastKnownFileType = folder.assetcatalog; path = Images.xcassets; sourceTree = "<group>"; };
		76E5C08218AF0474009591CA /* spritecollisionTests.xctest */ = {isa = PBXFileReference; explicitFileType = wrapper.cfbundle; includeInIndex = 0; path = spritecollisionTests.xctest; sourceTree = BUILT_PRODUCTS_DIR; };
		76E5C08318AF0474009591CA /* XCTest.framework */ = {isa = PBXFileReference; lastKnownFileType = wrapper.framework; name = XCTest.framework; path = Library/Frameworks/XCTest.framework; sourceTree = DEVELOPER_DIR; };
		76E5C08B18AF0474009591CA /* spritecollisionTests-Info.plist */ = {isa = PBXFileReference; lastKnownFileType = text.plist.xml; path = "spritecollisionTests-Info.plist"; sourceTree = "<group>"; };
		76E5C08D18AF0474009591CA /* en */ = {isa = PBXFileReference; lastKnownFileType = text.plist.strings; name = en; path = en.lproj/InfoPlist.strings; sourceTree = "<group>"; };
		76E5C08F18AF0474009591CA /* spritecollisionTests.m */ = {isa = PBXFileReference; lastKnownFileType = sourcecode.c.objc; path = spritecollisionTests.m; sourceTree = "<group>"; };
		76E5C09918AF0651009591CA /* SpaceshipScene.h */ = {isa = PBXFileReference; fileEncoding = 4; lastKnownFileType = sourcecode.c.h; path = SpaceshipScene.h; sourceTree = "<group>"; };
		76E5C09A18AF0651009591CA /* SpaceshipScene.m */ = {isa = PBXFileReference; fileEncoding = 4; lastKnownFileType = sourcecode.c.objc; path = SpaceshipScene.m; sourceTree = "<group>"; };
		76E5C09E18AF14E5009591CA /* rocket.png */ = {isa = PBXFileReference; lastKnownFileType = image.png; path = rocket.png; sourceTree = "<group>"; };
		76E5C0A018AFE4BA009591CA /* Spaceship.h */ = {isa = PBXFileReference; fileEncoding = 4; lastKnownFileType = sourcecode.c.h; path = Spaceship.h; sourceTree = "<group>"; };
		76E5C0A118AFE4BA009591CA /* Spaceship.m */ = {isa = PBXFileReference; fileEncoding = 4; lastKnownFileType = sourcecode.c.objc; path = Spaceship.m; sourceTree = "<group>"; };
		76E5C0A318AFEDE6009591CA /* Constants.h */ = {isa = PBXFileReference; lastKnownFileType = sourcecode.c.h; path = Constants.h; sourceTree = "<group>"; };
		76E5C0A418B0000A009591CA /* spark.png */ = {isa = PBXFileReference; lastKnownFileType = image.png; path = spark.png; sourceTree = "<group>"; };
		76E5C0A618B00609009591CA /* Missile.h */ = {isa = PBXFileReference; fileEncoding = 4; lastKnownFileType = sourcecode.c.h; path = Missile.h; sourceTree = "<group>"; };
		76E5C0A718B00609009591CA /* Missile.m */ = {isa = PBXFileReference; fileEncoding = 4; lastKnownFileType = sourcecode.c.objc; path = Missile.m; sourceTree = "<group>"; };
		76E5C0A918B02DA7009591CA /* SpaceGame.h */ = {isa = PBXFileReference; fileEncoding = 4; lastKnownFileType = sourcecode.c.h; name = SpaceGame.h; path = ../SpaceGame.h; sourceTree = "<group>"; };
		76E5C0AA18B02DA7009591CA /* SpaceGame.m */ = {isa = PBXFileReference; fileEncoding = 4; lastKnownFileType = sourcecode.c.objc; name = SpaceGame.m; path = ../SpaceGame.m; sourceTree = "<group>"; };
		76E5C0AC18B03759009591CA /* asteroid.png */ = {isa = PBXFileReference; lastKnownFileType = image.png; path = asteroid.png; sourceTree = "<group>"; };
		76E5C0AE18B07900009591CA /* BonusSprite.h */ = {isa = PBXFileReference; fileEncoding = 4; lastKnownFileType = sourcecode.c.h; path = BonusSprite.h; sourceTree = "<group>"; };
		76E5C0AF18B07900009591CA /* BonusSprite.m */ = {isa = PBXFileReference; fileEncoding = 4; lastKnownFileType = sourcecode.c.objc; path = BonusSprite.m; sourceTree = "<group>"; };
		76E5C0B118B079B4009591CA /* cherry.png */ = {isa = PBXFileReference; lastKnownFileType = image.png; path = cherry.png; sourceTree = "<group>"; };
		76E5C0B618B0876F009591CA /* shieldon.caf */ = {isa = PBXFileReference; lastKnownFileType = file; path = shieldon.caf; sourceTree = "<group>"; };
		76E5C0B818B08B51009591CA /* idiot.caf */ = {isa = PBXFileReference; lastKnownFileType = file; path = idiot.caf; sourceTree = "<group>"; };
		76E5C0BA18B090BC009591CA /* explosion.caf */ = {isa = PBXFileReference; lastKnownFileType = file; path = explosion.caf; sourceTree = "<group>"; };
		76E5C0BC18B090F0009591CA /* fire.caf */ = {isa = PBXFileReference; lastKnownFileType = file; path = fire.caf; sourceTree = "<group>"; };
		76E5C0BE18B09814009591CA /* oooh.caf */ = {isa = PBXFileReference; lastKnownFileType = file; path = oooh.caf; sourceTree = "<group>"; };
/* End PBXFileReference section */

/* Begin PBXFrameworksBuildPhase section */
		76E5C05718AF0472009591CA /* Frameworks */ = {
			isa = PBXFrameworksBuildPhase;
			buildActionMask = 2147483647;
			files = (
				76E5C06018AF0472009591CA /* CoreGraphics.framework in Frameworks */,
				76E5C06218AF0473009591CA /* UIKit.framework in Frameworks */,
				76E5C06418AF0473009591CA /* SpriteKit.framework in Frameworks */,
				76E5C05E18AF0472009591CA /* Foundation.framework in Frameworks */,
			);
			runOnlyForDeploymentPostprocessing = 0;
		};
		76E5C07F18AF0474009591CA /* Frameworks */ = {
			isa = PBXFrameworksBuildPhase;
			buildActionMask = 2147483647;
			files = (
				76E5C08418AF0474009591CA /* XCTest.framework in Frameworks */,
				76E5C08618AF0474009591CA /* UIKit.framework in Frameworks */,
				76E5C08518AF0474009591CA /* Foundation.framework in Frameworks */,
			);
			runOnlyForDeploymentPostprocessing = 0;
		};
/* End PBXFrameworksBuildPhase section */

/* Begin PBXGroup section */
		766A9E4718B44C8600DE18DB /* Lumberjack */ = {
			isa = PBXGroup;
			children = (
				766A9E4818B44C8600DE18DB /* CLI */,
				766A9E4B18B44C8600DE18DB /* DDAbstractDatabaseLogger.h */,
				766A9E4C18B44C8600DE18DB /* DDAbstractDatabaseLogger.m */,
				766A9E4D18B44C8600DE18DB /* DDASLLogger.h */,
				766A9E4E18B44C8600DE18DB /* DDASLLogger.m */,
				766A9E4F18B44C8600DE18DB /* DDFileLogger.h */,
				766A9E5018B44C8600DE18DB /* DDFileLogger.m */,
				766A9E5118B44C8600DE18DB /* DDLog+LOGV.h */,
				766A9E5218B44C8600DE18DB /* DDLog.h */,
				766A9E5318B44C8600DE18DB /* DDLog.m */,
				766A9E5418B44C8600DE18DB /* DDTTYLogger.h */,
				766A9E5518B44C8600DE18DB /* DDTTYLogger.m */,
				766A9E5618B44C8600DE18DB /* Extensions */,
			);
			path = Lumberjack;
			sourceTree = "<group>";
		};
		766A9E4818B44C8600DE18DB /* CLI */ = {
			isa = PBXGroup;
			children = (
				766A9E4918B44C8600DE18DB /* CLIColor.h */,
				766A9E4A18B44C8600DE18DB /* CLIColor.m */,
			);
			path = CLI;
			sourceTree = "<group>";
		};
		766A9E5618B44C8600DE18DB /* Extensions */ = {
			isa = PBXGroup;
			children = (
				766A9E5718B44C8600DE18DB /* DDContextFilterLogFormatter.h */,
				766A9E5818B44C8600DE18DB /* DDContextFilterLogFormatter.m */,
				766A9E5918B44C8600DE18DB /* DDDispatchQueueLogFormatter.h */,
				766A9E5A18B44C8600DE18DB /* DDDispatchQueueLogFormatter.m */,
				766A9E5B18B44C8600DE18DB /* DDMultiFormatter.h */,
				766A9E5C18B44C8600DE18DB /* DDMultiFormatter.m */,
				766A9E5D18B44C8600DE18DB /* README.txt */,
			);
			path = Extensions;
			sourceTree = "<group>";
		};
		76E5C05118AF0472009591CA = {
			isa = PBXGroup;
			children = (
				76E5C06518AF0473009591CA /* spritecollision */,
				76E5C08918AF0474009591CA /* spritecollisionTests */,
				76E5C05C18AF0472009591CA /* Frameworks */,
				76E5C05B18AF0472009591CA /* Products */,
			);
			sourceTree = "<group>";
		};
		76E5C05B18AF0472009591CA /* Products */ = {
			isa = PBXGroup;
			children = (
				76E5C05A18AF0472009591CA /* spritecollision.app */,
				76E5C08218AF0474009591CA /* spritecollisionTests.xctest */,
			);
			name = Products;
			sourceTree = "<group>";
		};
		76E5C05C18AF0472009591CA /* Frameworks */ = {
			isa = PBXGroup;
			children = (
				76E5C05D18AF0472009591CA /* Foundation.framework */,
				76E5C05F18AF0472009591CA /* CoreGraphics.framework */,
				76E5C06118AF0473009591CA /* UIKit.framework */,
				76E5C06318AF0473009591CA /* SpriteKit.framework */,
				76E5C08318AF0474009591CA /* XCTest.framework */,
			);
			name = Frameworks;
			sourceTree = "<group>";
		};
		76E5C06518AF0473009591CA /* spritecollision */ = {
			isa = PBXGroup;
			children = (
				765B025E18C6D12D0061DB27 /* SureShot.caf */,
				76E5C0B318B079B9009591CA /* Sprite Images */,
				76E5C0A318AFEDE6009591CA /* Constants.h */,
				766A9E6818B44CBB00DE18DB /* Logging.h */,
				76E5C06E18AF0473009591CA /* AppDelegate.h */,
				76E5C06F18AF0473009591CA /* AppDelegate.m */,
				76E5C07118AF0474009591CA /* Main.storyboard */,
				76E5C07418AF0474009591CA /* ViewController.h */,
				76E5C07518AF0474009591CA /* ViewController.m */,
				76E5C07718AF0474009591CA /* MyScene.h */,
				76E5C07818AF0474009591CA /* MyScene.m */,
				763CBB2B18B1205D00F58409 /* BonusGenerator.h */,
				763CBB2C18B1205D00F58409 /* BonusGenerator.m */,
				76E5C09918AF0651009591CA /* SpaceshipScene.h */,
				76E5C09A18AF0651009591CA /* SpaceshipScene.m */,
				76E5C0A018AFE4BA009591CA /* Spaceship.h */,
				76E5C0A118AFE4BA009591CA /* Spaceship.m */,
				76E5C0A918B02DA7009591CA /* SpaceGame.h */,
				76E5C0AA18B02DA7009591CA /* SpaceGame.m */,
				76E5C0A618B00609009591CA /* Missile.h */,
				76E5C0A718B00609009591CA /* Missile.m */,
				76E5C0AE18B07900009591CA /* BonusSprite.h */,
				76E5C0AF18B07900009591CA /* BonusSprite.m */,
				76E5C0BE18B09814009591CA /* oooh.caf */,
				76E5C0B618B0876F009591CA /* shieldon.caf */,
				76E5C0B818B08B51009591CA /* idiot.caf */,
				76E5C0BA18B090BC009591CA /* explosion.caf */,
				76E5C0BC18B090F0009591CA /* fire.caf */,
				766A9E6918B45DE600DE18DB /* gameover.caf */,
				766A9E6B18B45F4D00DE18DB /* gameover.png */,
				76E5C07C18AF0474009591CA /* Images.xcassets */,
				76E5C06618AF0473009591CA /* Supporting Files */,
			);
			path = spritecollision;
			sourceTree = "<group>";
		};
		76E5C06618AF0473009591CA /* Supporting Files */ = {
			isa = PBXGroup;
			children = (
				766A9E4718B44C8600DE18DB /* Lumberjack */,
				76E5C06718AF0473009591CA /* spritecollision-Info.plist */,
				76E5C06818AF0473009591CA /* InfoPlist.strings */,
				76E5C06B18AF0473009591CA /* main.m */,
				76E5C06D18AF0473009591CA /* spritecollision-Prefix.pch */,
			);
			name = "Supporting Files";
			sourceTree = "<group>";
		};
		76E5C08918AF0474009591CA /* spritecollisionTests */ = {
			isa = PBXGroup;
			children = (
				76E5C08F18AF0474009591CA /* spritecollisionTests.m */,
				76E5C08A18AF0474009591CA /* Supporting Files */,
			);
			path = spritecollisionTests;
			sourceTree = "<group>";
		};
		76E5C08A18AF0474009591CA /* Supporting Files */ = {
			isa = PBXGroup;
			children = (
				76E5C08B18AF0474009591CA /* spritecollisionTests-Info.plist */,
				76E5C08C18AF0474009591CA /* InfoPlist.strings */,
			);
			name = "Supporting Files";
			sourceTree = "<group>";
		};
		76E5C0B318B079B9009591CA /* Sprite Images */ = {
			isa = PBXGroup;
			children = (
				76E5C09E18AF14E5009591CA /* rocket.png */,
				76E5C0A418B0000A009591CA /* spark.png */,
				76E5C0B118B079B4009591CA /* cherry.png */,
				76E5C0AC18B03759009591CA /* asteroid.png */,
			);
			name = "Sprite Images";
			sourceTree = "<group>";
		};
/* End PBXGroup section */

/* Begin PBXNativeTarget section */
		76E5C05918AF0472009591CA /* spritecollision */ = {
			isa = PBXNativeTarget;
			buildConfigurationList = 76E5C09318AF0474009591CA /* Build configuration list for PBXNativeTarget "spritecollision" */;
			buildPhases = (
				76E5C05618AF0472009591CA /* Sources */,
				76E5C05718AF0472009591CA /* Frameworks */,
				76E5C05818AF0472009591CA /* Resources */,
			);
			buildRules = (
			);
			dependencies = (
			);
			name = spritecollision;
			productName = spritecollision;
			productReference = 76E5C05A18AF0472009591CA /* spritecollision.app */;
			productType = "com.apple.product-type.application";
		};
		76E5C08118AF0474009591CA /* spritecollisionTests */ = {
			isa = PBXNativeTarget;
			buildConfigurationList = 76E5C09618AF0474009591CA /* Build configuration list for PBXNativeTarget "spritecollisionTests" */;
			buildPhases = (
				76E5C07E18AF0474009591CA /* Sources */,
				76E5C07F18AF0474009591CA /* Frameworks */,
				76E5C08018AF0474009591CA /* Resources */,
			);
			buildRules = (
			);
			dependencies = (
				76E5C08818AF0474009591CA /* PBXTargetDependency */,
			);
			name = spritecollisionTests;
			productName = spritecollisionTests;
			productReference = 76E5C08218AF0474009591CA /* spritecollisionTests.xctest */;
			productType = "com.apple.product-type.bundle.unit-test";
		};
/* End PBXNativeTarget section */

/* Begin PBXProject section */
		76E5C05218AF0472009591CA /* Project object */ = {
			isa = PBXProject;
			attributes = {
				LastUpgradeCheck = 0500;
				ORGANIZATIONNAME = "iAchieved.it LLC";
				TargetAttributes = {
					76E5C08118AF0474009591CA = {
						TestTargetID = 76E5C05918AF0472009591CA;
					};
				};
			};
			buildConfigurationList = 76E5C05518AF0472009591CA /* Build configuration list for PBXProject "spritecollision" */;
			compatibilityVersion = "Xcode 3.2";
			developmentRegion = English;
			hasScannedForEncodings = 0;
			knownRegions = (
				en,
				Base,
			);
			mainGroup = 76E5C05118AF0472009591CA;
			productRefGroup = 76E5C05B18AF0472009591CA /* Products */;
			projectDirPath = "";
			projectRoot = "";
			targets = (
				76E5C05918AF0472009591CA /* spritecollision */,
				76E5C08118AF0474009591CA /* spritecollisionTests */,
			);
		};
/* End PBXProject section */

/* Begin PBXResourcesBuildPhase section */
		76E5C05818AF0472009591CA /* Resources */ = {
			isa = PBXResourcesBuildPhase;
			buildActionMask = 2147483647;
			files = (
				76E5C0A518B0000B009591CA /* spark.png in Resources */,
				765B025F18C6D12D0061DB27 /* SureShot.caf in Resources */,
				76E5C0B718B0876F009591CA /* shieldon.caf in Resources */,
				76E5C0BB18B090BC009591CA /* explosion.caf in Resources */,
				766A9E6718B44C8600DE18DB /* README.txt in Resources */,
				76E5C06A18AF0473009591CA /* InfoPlist.strings in Resources */,
				76E5C0AD18B03759009591CA /* asteroid.png in Resources */,
				76E5C0BD18B090F0009591CA /* fire.caf in Resources */,
				76E5C0B218B079B4009591CA /* cherry.png in Resources */,
				76E5C09F18AF14E5009591CA /* rocket.png in Resources */,
				76E5C07D18AF0474009591CA /* Images.xcassets in Resources */,
				76E5C0BF18B09814009591CA /* oooh.caf in Resources */,
				766A9E6C18B45F4D00DE18DB /* gameover.png in Resources */,
				76E5C07318AF0474009591CA /* Main.storyboard in Resources */,
				766A9E6A18B45DE600DE18DB /* gameover.caf in Resources */,
				76E5C0B918B08B51009591CA /* idiot.caf in Resources */,
			);
			runOnlyForDeploymentPostprocessing = 0;
		};
		76E5C08018AF0474009591CA /* Resources */ = {
			isa = PBXResourcesBuildPhase;
			buildActionMask = 2147483647;
			files = (
				76E5C08E18AF0474009591CA /* InfoPlist.strings in Resources */,
			);
			runOnlyForDeploymentPostprocessing = 0;
		};
/* End PBXResourcesBuildPhase section */

/* Begin PBXSourcesBuildPhase section */
		76E5C05618AF0472009591CA /* Sources */ = {
			isa = PBXSourcesBuildPhase;
			buildActionMask = 2147483647;
			files = (
				766A9E6418B44C8600DE18DB /* DDContextFilterLogFormatter.m in Sources */,
				766A9E6218B44C8600DE18DB /* DDLog.m in Sources */,
				766A9E6318B44C8600DE18DB /* DDTTYLogger.m in Sources */,
				76E5C07918AF0474009591CA /* MyScene.m in Sources */,
				766A9E6618B44C8600DE18DB /* DDMultiFormatter.m in Sources */,
				76E5C07618AF0474009591CA /* ViewController.m in Sources */,
				766A9E5F18B44C8600DE18DB /* DDAbstractDatabaseLogger.m in Sources */,
				766A9E6118B44C8600DE18DB /* DDFileLogger.m in Sources */,
				76E5C0A218AFE4BA009591CA /* Spaceship.m in Sources */,
				76E5C0A818B00609009591CA /* Missile.m in Sources */,
				76E5C0AB18B02DA7009591CA /* SpaceGame.m in Sources */,
				76E5C09B18AF0651009591CA /* SpaceshipScene.m in Sources */,
				766A9E6518B44C8600DE18DB /* DDDispatchQueueLogFormatter.m in Sources */,
				76E5C0B018B07900009591CA /* BonusSprite.m in Sources */,
				763CBB2D18B1205D00F58409 /* BonusGenerator.m in Sources */,
				76E5C07018AF0473009591CA /* AppDelegate.m in Sources */,
				766A9E6018B44C8600DE18DB /* DDASLLogger.m in Sources */,
				766A9E5E18B44C8600DE18DB /* CLIColor.m in Sources */,
				76E5C06C18AF0473009591CA /* main.m in Sources */,
			);
			runOnlyForDeploymentPostprocessing = 0;
		};
		76E5C07E18AF0474009591CA /* Sources */ = {
			isa = PBXSourcesBuildPhase;
			buildActionMask = 2147483647;
			files = (
				76E5C09018AF0474009591CA /* spritecollisionTests.m in Sources */,
			);
			runOnlyForDeploymentPostprocessing = 0;
		};
/* End PBXSourcesBuildPhase section */

/* Begin PBXTargetDependency section */
		76E5C08818AF0474009591CA /* PBXTargetDependency */ = {
			isa = PBXTargetDependency;
			target = 76E5C05918AF0472009591CA /* spritecollision */;
			targetProxy = 76E5C08718AF0474009591CA /* PBXContainerItemProxy */;
		};
/* End PBXTargetDependency section */

/* Begin PBXVariantGroup section */
		76E5C06818AF0473009591CA /* InfoPlist.strings */ = {
			isa = PBXVariantGroup;
			children = (
				76E5C06918AF0473009591CA /* en */,
			);
			name = InfoPlist.strings;
			sourceTree = "<group>";
		};
		76E5C07118AF0474009591CA /* Main.storyboard */ = {
			isa = PBXVariantGroup;
			children = (
				76E5C07218AF0474009591CA /* Base */,
			);
			name = Main.storyboard;
			sourceTree = "<group>";
		};
		76E5C08C18AF0474009591CA /* InfoPlist.strings */ = {
			isa = PBXVariantGroup;
			children = (
				76E5C08D18AF0474009591CA /* en */,
			);
			name = InfoPlist.strings;
			sourceTree = "<group>";
		};
/* End PBXVariantGroup section */

/* Begin XCBuildConfiguration section */
		76E5C09118AF0474009591CA /* Debug */ = {
			isa = XCBuildConfiguration;
			buildSettings = {
				ALWAYS_SEARCH_USER_PATHS = NO;
				ARCHS = "$(ARCHS_STANDARD_INCLUDING_64_BIT)";
				CLANG_CXX_LANGUAGE_STANDARD = "gnu++0x";
				CLANG_CXX_LIBRARY = "libc++";
				CLANG_ENABLE_MODULES = YES;
				CLANG_ENABLE_OBJC_ARC = YES;
				CLANG_WARN_BOOL_CONVERSION = YES;
				CLANG_WARN_CONSTANT_CONVERSION = YES;
				CLANG_WARN_DIRECT_OBJC_ISA_USAGE = YES_ERROR;
				CLANG_WARN_EMPTY_BODY = YES;
				CLANG_WARN_ENUM_CONVERSION = YES;
				CLANG_WARN_INT_CONVERSION = YES;
				CLANG_WARN_OBJC_ROOT_CLASS = YES_ERROR;
				CLANG_WARN__DUPLICATE_METHOD_MATCH = YES;
				"CODE_SIGN_IDENTITY[sdk=iphoneos*]" = "iPhone Developer";
				COPY_PHASE_STRIP = NO;
				GCC_C_LANGUAGE_STANDARD = gnu99;
				GCC_DYNAMIC_NO_PIC = NO;
				GCC_OPTIMIZATION_LEVEL = 0;
				GCC_PREPROCESSOR_DEFINITIONS = (
					"DEBUG=1",
					"$(inherited)",
				);
				GCC_SYMBOLS_PRIVATE_EXTERN = NO;
				GCC_WARN_64_TO_32_BIT_CONVERSION = YES;
				GCC_WARN_ABOUT_RETURN_TYPE = YES_ERROR;
				GCC_WARN_UNDECLARED_SELECTOR = YES;
				GCC_WARN_UNINITIALIZED_AUTOS = YES;
				GCC_WARN_UNUSED_FUNCTION = YES;
				GCC_WARN_UNUSED_VARIABLE = YES;
				IPHONEOS_DEPLOYMENT_TARGET = 7.0;
				ONLY_ACTIVE_ARCH = YES;
				SDKROOT = iphoneos;
				TARGETED_DEVICE_FAMILY = 2;
			};
			name = Debug;
		};
		76E5C09218AF0474009591CA /* Release */ = {
			isa = XCBuildConfiguration;
			buildSettings = {
				ALWAYS_SEARCH_USER_PATHS = NO;
				ARCHS = "$(ARCHS_STANDARD_INCLUDING_64_BIT)";
				CLANG_CXX_LANGUAGE_STANDARD = "gnu++0x";
				CLANG_CXX_LIBRARY = "libc++";
				CLANG_ENABLE_MODULES = YES;
				CLANG_ENABLE_OBJC_ARC = YES;
				CLANG_WARN_BOOL_CONVERSION = YES;
				CLANG_WARN_CONSTANT_CONVERSION = YES;
				CLANG_WARN_DIRECT_OBJC_ISA_USAGE = YES_ERROR;
				CLANG_WARN_EMPTY_BODY = YES;
				CLANG_WARN_ENUM_CONVERSION = YES;
				CLANG_WARN_INT_CONVERSION = YES;
				CLANG_WARN_OBJC_ROOT_CLASS = YES_ERROR;
				CLANG_WARN__DUPLICATE_METHOD_MATCH = YES;
				"CODE_SIGN_IDENTITY[sdk=iphoneos*]" = "iPhone Developer";
				COPY_PHASE_STRIP = YES;
				ENABLE_NS_ASSERTIONS = NO;
				GCC_C_LANGUAGE_STANDARD = gnu99;
				GCC_WARN_64_TO_32_BIT_CONVERSION = YES;
				GCC_WARN_ABOUT_RETURN_TYPE = YES_ERROR;
				GCC_WARN_UNDECLARED_SELECTOR = YES;
				GCC_WARN_UNINITIALIZED_AUTOS = YES;
				GCC_WARN_UNUSED_FUNCTION = YES;
				GCC_WARN_UNUSED_VARIABLE = YES;
				IPHONEOS_DEPLOYMENT_TARGET = 7.0;
				SDKROOT = iphoneos;
				TARGETED_DEVICE_FAMILY = 2;
				VALIDATE_PRODUCT = YES;
			};
			name = Release;
		};
		76E5C09418AF0474009591CA /* Debug */ = {
			isa = XCBuildConfiguration;
			buildSettings = {
				ASSETCATALOG_COMPILER_APPICON_NAME = AppIcon;
				ASSETCATALOG_COMPILER_LAUNCHIMAGE_NAME = LaunchImage;
				GCC_PRECOMPILE_PREFIX_HEADER = YES;
				GCC_PREFIX_HEADER = "spritecollision/spritecollision-Prefix.pch";
				INFOPLIST_FILE = "spritecollision/spritecollision-Info.plist";
				PRODUCT_NAME = "$(TARGET_NAME)";
				SPRITEKIT_TEXTURE_ATLAS_OUTPUT = YES;
				WRAPPER_EXTENSION = app;
			};
			name = Debug;
		};
		76E5C09518AF0474009591CA /* Release */ = {
			isa = XCBuildConfiguration;
			buildSettings = {
				ASSETCATALOG_COMPILER_APPICON_NAME = AppIcon;
				ASSETCATALOG_COMPILER_LAUNCHIMAGE_NAME = LaunchImage;
				GCC_PRECOMPILE_PREFIX_HEADER = YES;
				GCC_PREFIX_HEADER = "spritecollision/spritecollision-Prefix.pch";
				INFOPLIST_FILE = "spritecollision/spritecollision-Info.plist";
				PRODUCT_NAME = "$(TARGET_NAME)";
				SPRITEKIT_TEXTURE_ATLAS_OUTPUT = YES;
				WRAPPER_EXTENSION = app;
			};
			name = Release;
		};
		76E5C09718AF0474009591CA /* Debug */ = {
			isa = XCBuildConfiguration;
			buildSettings = {
				ARCHS = "$(ARCHS_STANDARD_INCLUDING_64_BIT)";
				BUNDLE_LOADER = "$(BUILT_PRODUCTS_DIR)/spritecollision.app/spritecollision";
				FRAMEWORK_SEARCH_PATHS = (
					"$(SDKROOT)/Developer/Library/Frameworks",
					"$(inherited)",
					"$(DEVELOPER_FRAMEWORKS_DIR)",
				);
				GCC_PRECOMPILE_PREFIX_HEADER = YES;
				GCC_PREFIX_HEADER = "spritecollision/spritecollision-Prefix.pch";
				GCC_PREPROCESSOR_DEFINITIONS = (
					"DEBUG=1",
					"$(inherited)",
				);
				INFOPLIST_FILE = "spritecollisionTests/spritecollisionTests-Info.plist";
				PRODUCT_NAME = "$(TARGET_NAME)";
				TEST_HOST = "$(BUNDLE_LOADER)";
				WRAPPER_EXTENSION = xctest;
			};
			name = Debug;
		};
		76E5C09818AF0474009591CA /* Release */ = {
			isa = XCBuildConfiguration;
			buildSettings = {
				ARCHS = "$(ARCHS_STANDARD_INCLUDING_64_BIT)";
				BUNDLE_LOADER = "$(BUILT_PRODUCTS_DIR)/spritecollision.app/spritecollision";
				FRAMEWORK_SEARCH_PATHS = (
					"$(SDKROOT)/Developer/Library/Frameworks",
					"$(inherited)",
					"$(DEVELOPER_FRAMEWORKS_DIR)",
				);
				GCC_PRECOMPILE_PREFIX_HEADER = YES;
				GCC_PREFIX_HEADER = "spritecollision/spritecollision-Prefix.pch";
				INFOPLIST_FILE = "spritecollisionTests/spritecollisionTests-Info.plist";
				PRODUCT_NAME = "$(TARGET_NAME)";
				TEST_HOST = "$(BUNDLE_LOADER)";
				WRAPPER_EXTENSION = xctest;
			};
			name = Release;
		};
/* End XCBuildConfiguration section */

/* Begin XCConfigurationList section */
		76E5C05518AF0472009591CA /* Build configuration list for PBXProject "spritecollision" */ = {
			isa = XCConfigurationList;
			buildConfigurations = (
				76E5C09118AF0474009591CA /* Debug */,
				76E5C09218AF0474009591CA /* Release */,
			);
			defaultConfigurationIsVisible = 0;
			defaultConfigurationName = Release;
		};
		76E5C09318AF0474009591CA /* Build configuration list for PBXNativeTarget "spritecollision" */ = {
			isa = XCConfigurationList;
			buildConfigurations = (
				76E5C09418AF0474009591CA /* Debug */,
				76E5C09518AF0474009591CA /* Release */,
			);
			defaultConfigurationIsVisible = 0;
			defaultConfigurationName = Release;
		};
		76E5C09618AF0474009591CA /* Build configuration list for PBXNativeTarget "spritecollisionTests" */ = {
			isa = XCConfigurationList;
			buildConfigurations = (
				76E5C09718AF0474009591CA /* Debug */,
				76E5C09818AF0474009591CA /* Release */,
			);
			defaultConfigurationIsVisible = 0;
			defaultConfigurationName = Release;
		};
/* End XCConfigurationList section */
	};
	rootObject = 76E5C05218AF0472009591CA /* Project object */;
}
